
Microsoft Visual Studio Solution File, Format Version 12.00
# Visual Studio 14
VisualStudioVersion = 14.0.24720.0
MinimumVisualStudioVersion = 10.0.40219.1
Project("{CC5FD16D-436D-48AD-A40C-5A424C6E3E79}") = "ProjectWorker", "ProjectWorker\ProjectWorker.ccproj", "{B4721603-DBF6-444C-96D9-2193B6F596C6}"
EndProject
Project("{FAE04EC0-301F-11D3-BF4B-00C04F79EFBC}") = "WorkerRole", "WorkerRole\WorkerRole.csproj", "{34D1D0BD-8CE5-45BA-AC39-3F3EBC85B5F9}"
EndProject
Global
	GlobalSection(SolutionConfigurationPlatforms) = preSolution
		Debug|Any CPU = Debug|Any CPU
		Release|Any CPU = Release|Any CPU
	EndGlobalSection
	GlobalSection(ProjectConfigurationPlatforms) = postSolution
		{B4721603-DBF6-444C-96D9-2193B6F596C6}.Debug|Any CPU.ActiveCfg = Debug|Any CPU
		{B4721603-DBF6-444C-96D9-2193B6F596C6}.Debug|Any CPU.Build.0 = Debug|Any CPU
		{B4721603-DBF6-444C-96D9-2193B6F596C6}.Release|Any CPU.ActiveCfg = Release|Any CPU
		{B4721603-DBF6-444C-96D9-2193B6F596C6}.Release|Any CPU.Build.0 = Release|Any CPU
		{34D1D0BD-8CE5-45BA-AC39-3F3EBC85B5F9}.Debug|Any CPU.ActiveCfg = Debug|Any CPU
		{34D1D0BD-8CE5-45BA-AC39-3F3EBC85B5F9}.Debug|Any CPU.Build.0 = Debug|Any CPU
		{34D1D0BD-8CE5-45BA-AC39-3F3EBC85B5F9}.Release|Any CPU.ActiveCfg = Release|Any CPU
		{34D1D0BD-8CE5-45BA-AC39-3F3EBC85B5F9}.Release|Any CPU.Build.0 = Release|Any CPU
	EndGlobalSection
	GlobalSection(SolutionProperties) = preSolution
		HideSolutionNode = FALSE
	EndGlobalSection
EndGlobal
